{
  "requires": true,
  "lockfileVersion": 1,
  "dependencies": {
    "comma-separated-values": {
      "version": "3.6.4",
      "resolved": "https://registry.npm.taobao.org/comma-separated-values/download/comma-separated-values-3.6.4.tgz",
      "integrity": "sha1-wwnscCT3S3rhkiM3IFQkJhfjW9I="
    },
    "csv-exportor": {
      "version": "1.0.2",
      "resolved": "https://registry.npm.taobao.org/csv-exportor/download/csv-exportor-1.0.2.tgz",
      "integrity": "sha1-xy2OirzTKyQAYOGyFJEU8+jWyvc=",
      "requires": {
        "comma-separated-values": "^3.6.4"
      }
    }
  }
}
